
Microsoft Visual Studio Solution File, Format Version 12.00
# Visual Studio 2013
VisualStudioVersion = 12.0.21005.1
MinimumVisualStudioVersion = 10.0.40219.1
Project("{FAE04EC0-301F-11D3-BF4B-00C04F79EFBC}") = "FrontEndTools.WebUI", "FrontEndTools.WebUI\FrontEndTools.WebUI.csproj", "{C0369B2C-3BF5-4B01-904D-F217627625DC}"
EndProject
Project("{FAE04EC0-301F-11D3-BF4B-00C04F79EFBC}") = "FrontEndTools.WebUI.Scripts.Test", "FrontEndTools.WebUI.Scripts.Test\FrontEndTools.WebUI.Scripts.Test.csproj", "{C640283C-1C51-40ED-8F01-319CCEE189D6}"
EndProject
Project("{2150E333-8FDC-42A3-9474-1A3956D46DE8}") = "SolutionItems", "SolutionItems", "{73CE7725-46B7-4067-8D6C-B35BAE9C3045}"
	ProjectSection(SolutionItems) = preProject
		chutzpah.json = chutzpah.json
	EndProjectSection
EndProject
Global
	GlobalSection(SolutionConfigurationPlatforms) = preSolution
		Debug|Any CPU = Debug|Any CPU
		Release|Any CPU = Release|Any CPU
	EndGlobalSection
	GlobalSection(ProjectConfigurationPlatforms) = postSolution
		{C0369B2C-3BF5-4B01-904D-F217627625DC}.Debug|Any CPU.ActiveCfg = Debug|Any CPU
		{C0369B2C-3BF5-4B01-904D-F217627625DC}.Debug|Any CPU.Build.0 = Debug|Any CPU
		{C0369B2C-3BF5-4B01-904D-F217627625DC}.Release|Any CPU.ActiveCfg = Release|Any CPU
		{C0369B2C-3BF5-4B01-904D-F217627625DC}.Release|Any CPU.Build.0 = Release|Any CPU
		{C640283C-1C51-40ED-8F01-319CCEE189D6}.Debug|Any CPU.ActiveCfg = Debug|Any CPU
		{C640283C-1C51-40ED-8F01-319CCEE189D6}.Debug|Any CPU.Build.0 = Debug|Any CPU
		{C640283C-1C51-40ED-8F01-319CCEE189D6}.Release|Any CPU.ActiveCfg = Release|Any CPU
		{C640283C-1C51-40ED-8F01-319CCEE189D6}.Release|Any CPU.Build.0 = Release|Any CPU
	EndGlobalSection
	GlobalSection(SolutionProperties) = preSolution
		HideSolutionNode = FALSE
	EndGlobalSection
EndGlobal
